
Microsoft Visual Studio Solution File, Format Version 12.00
# Visual Studio Version 17
VisualStudioVersion = 17.5.002.0
MinimumVisualStudioVersion = 10.0.40219.1
Project("{9A19103F-16F7-4668-BE54-9A1E7A4F7556}") = "TutorAPI", "TutorAPI.csproj", "{E2E25429-80BD-41AB-9B04-C1F9A20D184B}"
EndProject
Global
	GlobalSection(SolutionConfigurationPlatforms) = preSolution
		Debug|Any CPU = Debug|Any CPU
		Release|Any CPU = Release|Any CPU
	EndGlobalSection
	GlobalSection(ProjectConfigurationPlatforms) = postSolution
		{E2E25429-80BD-41AB-9B04-C1F9A20D184B}.Debug|Any CPU.ActiveCfg = Debug|Any CPU
		{E2E25429-80BD-41AB-9B04-C1F9A20D184B}.Debug|Any CPU.Build.0 = Debug|Any CPU
		{E2E25429-80BD-41AB-9B04-C1F9A20D184B}.Release|Any CPU.ActiveCfg = Release|Any CPU
		{E2E25429-80BD-41AB-9B04-C1F9A20D184B}.Release|Any CPU.Build.0 = Release|Any CPU
	EndGlobalSection
	GlobalSection(SolutionProperties) = preSolution
		HideSolutionNode = FALSE
	EndGlobalSection
	GlobalSection(ExtensibilityGlobals) = postSolution
		SolutionGuid = {BED5B31F-44BB-4993-946D-8F4C93C31018}
	EndGlobalSection
EndGlobal
